
Microsoft Visual Studio Solution File, Format Version 12.00
# Visual Studio Version 17
VisualStudioVersion = 17.10.35122.118
MinimumVisualStudioVersion = 10.0.40219.1
Project("{9A19103F-16F7-4668-BE54-9A1E7A4F7556}") = "CafePointOfSale.UI", "CafePointOfSale.UI\CafePointOfSale.UI.csproj", "{004B9124-9CD1-4435-A184-C82977210FC1}"
EndProject
Project("{9A19103F-16F7-4668-BE54-9A1E7A4F7556}") = "CafePointOfSale.Application", "CafePointOfSale.Application\CafePointOfSale.Application.csproj", "{2E75929C-6FE2-49F9-BD5A-7923F91FEF12}"
EndProject
Project("{9A19103F-16F7-4668-BE54-9A1E7A4F7556}") = "CafePointOfSale.Data", "CafePointOfSale.Data\CafePointOfSale.Data.csproj", "{15EE8B2C-B406-48F1-A33B-1D0EAAB18C3F}"
EndProject
Project("{9A19103F-16F7-4668-BE54-9A1E7A4F7556}") = "CafePointOfSale.Core", "CafePointOfSale.Core\CafePointOfSale.Core.csproj", "{DCA1DDBB-DA84-4D6E-8CB6-72912DE54CEC}"
EndProject
Project("{FAE04EC0-301F-11D3-BF4B-00C04F79EFBC}") = "CafePointOfSale.UnitTests", "CafePointOfSale.UnitTests\CafePointOfSale.UnitTests.csproj", "{05F41685-5D78-494A-B5A4-6D5CC4FDD7C2}"
EndProject
Global
	GlobalSection(SolutionConfigurationPlatforms) = preSolution
		Debug|Any CPU = Debug|Any CPU
		Release|Any CPU = Release|Any CPU
	EndGlobalSection
	GlobalSection(ProjectConfigurationPlatforms) = postSolution
		{004B9124-9CD1-4435-A184-C82977210FC1}.Debug|Any CPU.ActiveCfg = Debug|Any CPU
		{004B9124-9CD1-4435-A184-C82977210FC1}.Debug|Any CPU.Build.0 = Debug|Any CPU
		{004B9124-9CD1-4435-A184-C82977210FC1}.Release|Any CPU.ActiveCfg = Release|Any CPU
		{004B9124-9CD1-4435-A184-C82977210FC1}.Release|Any CPU.Build.0 = Release|Any CPU
		{2E75929C-6FE2-49F9-BD5A-7923F91FEF12}.Debug|Any CPU.ActiveCfg = Debug|Any CPU
		{2E75929C-6FE2-49F9-BD5A-7923F91FEF12}.Debug|Any CPU.Build.0 = Debug|Any CPU
		{2E75929C-6FE2-49F9-BD5A-7923F91FEF12}.Release|Any CPU.ActiveCfg = Release|Any CPU
		{2E75929C-6FE2-49F9-BD5A-7923F91FEF12}.Release|Any CPU.Build.0 = Release|Any CPU
		{15EE8B2C-B406-48F1-A33B-1D0EAAB18C3F}.Debug|Any CPU.ActiveCfg = Debug|Any CPU
		{15EE8B2C-B406-48F1-A33B-1D0EAAB18C3F}.Debug|Any CPU.Build.0 = Debug|Any CPU
		{15EE8B2C-B406-48F1-A33B-1D0EAAB18C3F}.Release|Any CPU.ActiveCfg = Release|Any CPU
		{15EE8B2C-B406-48F1-A33B-1D0EAAB18C3F}.Release|Any CPU.Build.0 = Release|Any CPU
		{DCA1DDBB-DA84-4D6E-8CB6-72912DE54CEC}.Debug|Any CPU.ActiveCfg = Debug|Any CPU
		{DCA1DDBB-DA84-4D6E-8CB6-72912DE54CEC}.Debug|Any CPU.Build.0 = Debug|Any CPU
		{DCA1DDBB-DA84-4D6E-8CB6-72912DE54CEC}.Release|Any CPU.ActiveCfg = Release|Any CPU
		{DCA1DDBB-DA84-4D6E-8CB6-72912DE54CEC}.Release|Any CPU.Build.0 = Release|Any CPU
		{05F41685-5D78-494A-B5A4-6D5CC4FDD7C2}.Debug|Any CPU.ActiveCfg = Debug|Any CPU
		{05F41685-5D78-494A-B5A4-6D5CC4FDD7C2}.Debug|Any CPU.Build.0 = Debug|Any CPU
		{05F41685-5D78-494A-B5A4-6D5CC4FDD7C2}.Release|Any CPU.ActiveCfg = Release|Any CPU
		{05F41685-5D78-494A-B5A4-6D5CC4FDD7C2}.Release|Any CPU.Build.0 = Release|Any CPU
	EndGlobalSection
	GlobalSection(SolutionProperties) = preSolution
		HideSolutionNode = FALSE
	EndGlobalSection
	GlobalSection(ExtensibilityGlobals) = postSolution
		SolutionGuid = {C4523D4C-AC1A-4FD9-A047-B1220A5AFF83}
	EndGlobalSection
EndGlobal
